{
  "version": 4,
  "terraform_version": "1.10.5",
  "serial": 1,
  "lineage": "57b834c2-046e-393f-11c2-8ae71be128e8",
  "outputs": {},
  "resources": [
    {
      "mode": "managed",
      "type": "local_file",
      "name": "foo",
      "provider": "provider[\"registry.terraform.io/hashicorp/local\"]",
      "instances": [
        {
          "schema_version": 0,
          "attributes": {
            "content": "Hello DevOps !",
            "content_base64": null,
            "content_base64sha256": "Ux3P4Q+TUQWZWDCD5fB+yEwTMpp8b9MKasm/LGTdGRE=",
            "content_base64sha512": "r7MWq57TlpOe/0M6UCt1w5AvZz5/jUMOlu5Wq42t/JEyyJb/TglQ/neWpowhVeEywA95pSHOjwAOpo2xP5V1pA==",
            "content_md5": "4cc864c8fcf582535335194729824859",
            "content_sha1": "02b0f892b634bb9c2837832d7e6e438356e74592",
            "content_sha256": "531dcfe10f93510599583083e5f07ec84c13329a7c6fd30a6ac9bf2c64dd1911",
            "content_sha512": "afb316ab9ed396939eff433a502b75c3902f673e7f8d430e96ee56ab8dadfc9132c896ff4e0950fe7796a68c2155e132c00f79a521ce8f000ea68db13f9575a4",
            "directory_permission": "0777",
            "file_permission": "0777",
            "filename": "./devops.txt",
            "id": "02b0f892b634bb9c2837832d7e6e438356e74592",
            "sensitive_content": null,
            "source": null
          },
          "sensitive_attributes": [
            [
              {
                "type": "get_attr",
                "value": "sensitive_content"
              }
            ]
          ]
        }
      ]
    }
  ],
  "check_results": null
}
